
Microsoft Visual Studio Solution File, Format Version 12.00
# Visual Studio Version 16
VisualStudioVersion = 16.0.30503.244
MinimumVisualStudioVersion = 10.0.40219.1
Project("{9A19103F-16F7-4668-BE54-9A1E7A4F7556}") = "temp", "temp.csproj", "{397CE3CE-40FE-47AF-9EBD-477616CB29C9}"
EndProject
Project("{9A19103F-16F7-4668-BE54-9A1E7A4F7556}") = "SocketMsgProto", "..\SocketTest\SocketService\SocketService\SocketMsgProto\SocketMsgProto.csproj", "{90103A34-A405-4392-8CFF-4A7EC04D342A}"
EndProject
Global
	GlobalSection(SolutionConfigurationPlatforms) = preSolution
		Debug|Any CPU = Debug|Any CPU
		Release|Any CPU = Release|Any CPU
	EndGlobalSection
	GlobalSection(ProjectConfigurationPlatforms) = postSolution
		{397CE3CE-40FE-47AF-9EBD-477616CB29C9}.Debug|Any CPU.ActiveCfg = Debug|Any CPU
		{397CE3CE-40FE-47AF-9EBD-477616CB29C9}.Debug|Any CPU.Build.0 = Debug|Any CPU
		{397CE3CE-40FE-47AF-9EBD-477616CB29C9}.Release|Any CPU.ActiveCfg = Release|Any CPU
		{397CE3CE-40FE-47AF-9EBD-477616CB29C9}.Release|Any CPU.Build.0 = Release|Any CPU
		{90103A34-A405-4392-8CFF-4A7EC04D342A}.Debug|Any CPU.ActiveCfg = Debug|Any CPU
		{90103A34-A405-4392-8CFF-4A7EC04D342A}.Debug|Any CPU.Build.0 = Debug|Any CPU
		{90103A34-A405-4392-8CFF-4A7EC04D342A}.Release|Any CPU.ActiveCfg = Release|Any CPU
		{90103A34-A405-4392-8CFF-4A7EC04D342A}.Release|Any CPU.Build.0 = Release|Any CPU
	EndGlobalSection
	GlobalSection(SolutionProperties) = preSolution
		HideSolutionNode = FALSE
	EndGlobalSection
	GlobalSection(ExtensibilityGlobals) = postSolution
		SolutionGuid = {E37FC600-B976-44F5-90C1-1A03E86481FB}
	EndGlobalSection
EndGlobal
